// !$*UTF8*$!
{
	archiveVersion = 1;
	classes = {
	};
	objectVersion = 55;
	objects = {

/* Begin PBXBuildFile section */
		40E5762F294545A400EE942E /* AppDelegate.swift in Sources */ = {isa = PBXBuildFile; fileRef = 40E5762E294545A400EE942E /* AppDelegate.swift */; };
		40E57631294545A400EE942E /* SceneDelegate.swift in Sources */ = {isa = PBXBuildFile; fileRef = 40E57630294545A400EE942E /* SceneDelegate.swift */; };
		40E57633294545A400EE942E /* ViewController.swift in Sources */ = {isa = PBXBuildFile; fileRef = 40E57632294545A400EE942E /* ViewController.swift */; };
		40E57636294545A400EE942E /* Main.storyboard in Resources */ = {isa = PBXBuildFile; fileRef = 40E57634294545A400EE942E /* Main.storyboard */; };
		40E57638294545A600EE942E /* Assets.xcassets in Resources */ = {isa = PBXBuildFile; fileRef = 40E57637294545A600EE942E /* Assets.xcassets */; };
		40E5763B294545A600EE942E /* LaunchScreen.storyboard in Resources */ = {isa = PBXBuildFile; fileRef = 40E57639294545A600EE942E /* LaunchScreen.storyboard */; };
		40E5764529454C1B00EE942E /* DetailsViewController.swift in Sources */ = {isa = PBXBuildFile; fileRef = 40E5764429454C1B00EE942E /* DetailsViewController.swift */; };
		40E576472945546A00EE942E /* Stock.swift in Sources */ = {isa = PBXBuildFile; fileRef = 40E576462945546A00EE942E /* Stock.swift */; };
		83821D9569D9C61F02BDB1AA /* Pods_GetStockPirce.framework in Frameworks */ = {isa = PBXBuildFile; fileRef = AA4C1D4C74F4AB481001B26C /* Pods_GetStockPirce.framework */; };
/* End PBXBuildFile section */

/* Begin PBXFileReference section */
		40E5762B294545A400EE942E /* GetStockPirce.app */ = {isa = PBXFileReference; explicitFileType = wrapper.application; includeInIndex = 0; path = GetStockPirce.app; sourceTree = BUILT_PRODUCTS_DIR; };
		40E5762E294545A400EE942E /* AppDelegate.swift */ = {isa = PBXFileReference; lastKnownFileType = sourcecode.swift; path = AppDelegate.swift; sourceTree = "<group>"; };
		40E57630294545A400EE942E /* SceneDelegate.swift */ = {isa = PBXFileReference; lastKnownFileType = sourcecode.swift; path = SceneDelegate.swift; sourceTree = "<group>"; };
		40E57632294545A400EE942E /* ViewController.swift */ = {isa = PBXFileReference; lastKnownFileType = sourcecode.swift; path = ViewController.swift; sourceTree = "<group>"; };
		40E57635294545A400EE942E /* Base */ = {isa = PBXFileReference; lastKnownFileType = file.storyboard; name = Base; path = Base.lproj/Main.storyboard; sourceTree = "<group>"; };
		40E57637294545A600EE942E /* Assets.xcassets */ = {isa = PBXFileReference; lastKnownFileType = folder.assetcatalog; path = Assets.xcassets; sourceTree = "<group>"; };
		40E5763A294545A600EE942E /* Base */ = {isa = PBXFileReference; lastKnownFileType = file.storyboard; name = Base; path = Base.lproj/LaunchScreen.storyboard; sourceTree = "<group>"; };
		40E5763C294545A600EE942E /* Info.plist */ = {isa = PBXFileReference; lastKnownFileType = text.plist.xml; path = Info.plist; sourceTree = "<group>"; };
		40E5764429454C1B00EE942E /* DetailsViewController.swift */ = {isa = PBXFileReference; lastKnownFileType = sourcecode.swift; path = DetailsViewController.swift; sourceTree = "<group>"; };
		40E576462945546A00EE942E /* Stock.swift */ = {isa = PBXFileReference; lastKnownFileType = sourcecode.swift; path = Stock.swift; sourceTree = "<group>"; };
		9379F3CAF186E96AB9F4CC07 /* Pods-GetStockPirce.debug.xcconfig */ = {isa = PBXFileReference; includeInIndex = 1; lastKnownFileType = text.xcconfig; name = "Pods-GetStockPirce.debug.xcconfig"; path = "Target Support Files/Pods-GetStockPirce/Pods-GetStockPirce.debug.xcconfig"; sourceTree = "<group>"; };
		AA4C1D4C74F4AB481001B26C /* Pods_GetStockPirce.framework */ = {isa = PBXFileReference; explicitFileType = wrapper.framework; includeInIndex = 0; path = Pods_GetStockPirce.framework; sourceTree = BUILT_PRODUCTS_DIR; };
		C49A937FF25B487F132B0E28 /* Pods-GetStockPirce.release.xcconfig */ = {isa = PBXFileReference; includeInIndex = 1; lastKnownFileType = text.xcconfig; name = "Pods-GetStockPirce.release.xcconfig"; path = "Target Support Files/Pods-GetStockPirce/Pods-GetStockPirce.release.xcconfig"; sourceTree = "<group>"; };
/* End PBXFileReference section */

/* Begin PBXFrameworksBuildPhase section */
		40E57628294545A400EE942E /* Frameworks */ = {
			isa = PBXFrameworksBuildPhase;
			buildActionMask = 2147483647;
			files = (
				83821D9569D9C61F02BDB1AA /* Pods_GetStockPirce.framework in Frameworks */,
			);
			runOnlyForDeploymentPostprocessing = 0;
		};
/* End PBXFrameworksBuildPhase section */

/* Begin PBXGroup section */
		2EAEDF540A3658A5BF0F2D98 /* Pods */ = {
			isa = PBXGroup;
			children = (
				9379F3CAF186E96AB9F4CC07 /* Pods-GetStockPirce.debug.xcconfig */,
				C49A937FF25B487F132B0E28 /* Pods-GetStockPirce.release.xcconfig */,
			);
			path = Pods;
			sourceTree = "<group>";
		};
		40E57622294545A400EE942E = {
			isa = PBXGroup;
			children = (
				40E5762D294545A400EE942E /* GetStockPirce */,
				40E5762C294545A400EE942E /* Products */,
				2EAEDF540A3658A5BF0F2D98 /* Pods */,
				77BF0A48261C8CB0CCDA560B /* Frameworks */,
			);
			sourceTree = "<group>";
		};
		40E5762C294545A400EE942E /* Products */ = {
			isa = PBXGroup;
			children = (
				40E5762B294545A400EE942E /* GetStockPirce.app */,
			);
			name = Products;
			sourceTree = "<group>";
		};
		40E5762D294545A400EE942E /* GetStockPirce */ = {
			isa = PBXGroup;
			children = (
				40E5762E294545A400EE942E /* AppDelegate.swift */,
				40E57630294545A400EE942E /* SceneDelegate.swift */,
				40E57632294545A400EE942E /* ViewController.swift */,
				40E57634294545A400EE942E /* Main.storyboard */,
				40E57637294545A600EE942E /* Assets.xcassets */,
				40E57639294545A600EE942E /* LaunchScreen.storyboard */,
				40E5763C294545A600EE942E /* Info.plist */,
				40E5764429454C1B00EE942E /* DetailsViewController.swift */,
				40E576462945546A00EE942E /* Stock.swift */,
			);
			path = GetStockPirce;
			sourceTree = "<group>";
		};
		77BF0A48261C8CB0CCDA560B /* Frameworks */ = {
			isa = PBXGroup;
			children = (
				AA4C1D4C74F4AB481001B26C /* Pods_GetStockPirce.framework */,
			);
			name = Frameworks;
			sourceTree = "<group>";
		};
/* End PBXGroup section */

/* Begin PBXNativeTarget section */
		40E5762A294545A400EE942E /* GetStockPirce */ = {
			isa = PBXNativeTarget;
			buildConfigurationList = 40E5763F294545A600EE942E /* Build configuration list for PBXNativeTarget "GetStockPirce" */;
			buildPhases = (
				C62FBB5FCDD35E516986B5DD /* [CP] Check Pods Manifest.lock */,
				40E57627294545A400EE942E /* Sources */,
				40E57628294545A400EE942E /* Frameworks */,
				40E57629294545A400EE942E /* Resources */,
				9B574A100998EDF24F016A90 /* [CP] Embed Pods Frameworks */,
			);
			buildRules = (
			);
			dependencies = (
			);
			name = GetStockPirce;
			productName = GetStockPirce;
			productReference = 40E5762B294545A400EE942E /* GetStockPirce.app */;
			productType = "com.apple.product-type.application";
		};
/* End PBXNativeTarget section */

/* Begin PBXProject section */
		40E57623294545A400EE942E /* Project object */ = {
			isa = PBXProject;
			attributes = {
				BuildIndependentTargetsInParallel = 1;
				LastSwiftUpdateCheck = 1330;
				LastUpgradeCheck = 1330;
				TargetAttributes = {
					40E5762A294545A400EE942E = {
						CreatedOnToolsVersion = 13.3;
					};
				};
			};
			buildConfigurationList = 40E57626294545A400EE942E /* Build configuration list for PBXProject "GetStockPirce" */;
			compatibilityVersion = "Xcode 13.0";
			developmentRegion = en;
			hasScannedForEncodings = 0;
			knownRegions = (
				en,
				Base,
			);
			mainGroup = 40E57622294545A400EE942E;
			productRefGroup = 40E5762C294545A400EE942E /* Products */;
			projectDirPath = "";
			projectRoot = "";
			targets = (
				40E5762A294545A400EE942E /* GetStockPirce */,
			);
		};
/* End PBXProject section */

/* Begin PBXResourcesBuildPhase section */
		40E57629294545A400EE942E /* Resources */ = {
			isa = PBXResourcesBuildPhase;
			buildActionMask = 2147483647;
			files = (
				40E5763B294545A600EE942E /* LaunchScreen.storyboard in Resources */,
				40E57638294545A600EE942E /* Assets.xcassets in Resources */,
				40E57636294545A400EE942E /* Main.storyboard in Resources */,
			);
			runOnlyForDeploymentPostprocessing = 0;
		};
/* End PBXResourcesBuildPhase section */

/* Begin PBXShellScriptBuildPhase section */
		9B574A100998EDF24F016A90 /* [CP] Embed Pods Frameworks */ = {
			isa = PBXShellScriptBuildPhase;
			buildActionMask = 2147483647;
			files = (
			);
			inputFileListPaths = (
				"${PODS_ROOT}/Target Support Files/Pods-GetStockPirce/Pods-GetStockPirce-frameworks-${CONFIGURATION}-input-files.xcfilelist",
			);
			name = "[CP] Embed Pods Frameworks";
			outputFileListPaths = (
				"${PODS_ROOT}/Target Support Files/Pods-GetStockPirce/Pods-GetStockPirce-frameworks-${CONFIGURATION}-output-files.xcfilelist",
			);
			runOnlyForDeploymentPostprocessing = 0;
			shellPath = /bin/sh;
			shellScript = "\"${PODS_ROOT}/Target Support Files/Pods-GetStockPirce/Pods-GetStockPirce-frameworks.sh\"\n";
			showEnvVarsInLog = 0;
		};
		C62FBB5FCDD35E516986B5DD /* [CP] Check Pods Manifest.lock */ = {
			isa = PBXShellScriptBuildPhase;
			buildActionMask = 2147483647;
			files = (
			);
			inputFileListPaths = (
			);
			inputPaths = (
				"${PODS_PODFILE_DIR_PATH}/Podfile.lock",
				"${PODS_ROOT}/Manifest.lock",
			);
			name = "[CP] Check Pods Manifest.lock";
			outputFileListPaths = (
			);
			outputPaths = (
				"$(DERIVED_FILE_DIR)/Pods-GetStockPirce-checkManifestLockResult.txt",
			);
			runOnlyForDeploymentPostprocessing = 0;
			shellPath = /bin/sh;
			shellScript = "diff \"${PODS_PODFILE_DIR_PATH}/Podfile.lock\" \"${PODS_ROOT}/Manifest.lock\" > /dev/null\nif [ $? != 0 ] ; then\n    # print error to STDERR\n    echo \"error: The sandbox is not in sync with the Podfile.lock. Run 'pod install' or update your CocoaPods installation.\" >&2\n    exit 1\nfi\n# This output is used by Xcode 'outputs' to avoid re-running this script phase.\necho \"SUCCESS\" > \"${SCRIPT_OUTPUT_FILE_0}\"\n";
			showEnvVarsInLog = 0;
		};
/* End PBXShellScriptBuildPhase section */

/* Begin PBXSourcesBuildPhase section */
		40E57627294545A400EE942E /* Sources */ = {
			isa = PBXSourcesBuildPhase;
			buildActionMask = 2147483647;
			files = (
				40E57633294545A400EE942E /* ViewController.swift in Sources */,
				40E5762F294545A400EE942E /* AppDelegate.swift in Sources */,
				40E57631294545A400EE942E /* SceneDelegate.swift in Sources */,
				40E576472945546A00EE942E /* Stock.swift in Sources */,
				40E5764529454C1B00EE942E /* DetailsViewController.swift in Sources */,
			);
			runOnlyForDeploymentPostprocessing = 0;
		};
/* End PBXSourcesBuildPhase section */

/* Begin PBXVariantGroup section */
		40E57634294545A400EE942E /* Main.storyboard */ = {
			isa = PBXVariantGroup;
			children = (
				40E57635294545A400EE942E /* Base */,
			);
			name = Main.storyboard;
			sourceTree = "<group>";
		};
		40E57639294545A600EE942E /* LaunchScreen.storyboard */ = {
			isa = PBXVariantGroup;
			children = (
				40E5763A294545A600EE942E /* Base */,
			);
			name = LaunchScreen.storyboard;
			sourceTree = "<group>";
		};
/* End PBXVariantGroup section */

/* Begin XCBuildConfiguration section */
		40E5763D294545A600EE942E /* Debug */ = {
			isa = XCBuildConfiguration;
			buildSettings = {
				ALWAYS_SEARCH_USER_PATHS = NO;
				CLANG_ANALYZER_NONNULL = YES;
				CLANG_ANALYZER_NUMBER_OBJECT_CONVERSION = YES_AGGRESSIVE;
				CLANG_CXX_LANGUAGE_STANDARD = "gnu++17";
				CLANG_ENABLE_MODULES = YES;
				CLANG_ENABLE_OBJC_ARC = YES;
				CLANG_ENABLE_OBJC_WEAK = YES;
				CLANG_WARN_BLOCK_CAPTURE_AUTORELEASING = YES;
				CLANG_WARN_BOOL_CONVERSION = YES;
				CLANG_WARN_COMMA = YES;
				CLANG_WARN_CONSTANT_CONVERSION = YES;
				CLANG_WARN_DEPRECATED_OBJC_IMPLEMENTATIONS = YES;
				CLANG_WARN_DIRECT_OBJC_ISA_USAGE = YES_ERROR;
				CLANG_WARN_DOCUMENTATION_COMMENTS = YES;
				CLANG_WARN_EMPTY_BODY = YES;
				CLANG_WARN_ENUM_CONVERSION = YES;
				CLANG_WARN_INFINITE_RECURSION = YES;
				CLANG_WARN_INT_CONVERSION = YES;
				CLANG_WARN_NON_LITERAL_NULL_CONVERSION = YES;
				CLANG_WARN_OBJC_IMPLICIT_RETAIN_SELF = YES;
				CLANG_WARN_OBJC_LITERAL_CONVERSION = YES;
				CLANG_WARN_OBJC_ROOT_CLASS = YES_ERROR;
				CLANG_WARN_QUOTED_INCLUDE_IN_FRAMEWORK_HEADER = YES;
				CLANG_WARN_RANGE_LOOP_ANALYSIS = YES;
				CLANG_WARN_STRICT_PROTOTYPES = YES;
				CLANG_WARN_SUSPICIOUS_MOVE = YES;
				CLANG_WARN_UNGUARDED_AVAILABILITY = YES_AGGRESSIVE;
				CLANG_WARN_UNREACHABLE_CODE = YES;
				CLANG_WARN__DUPLICATE_METHOD_MATCH = YES;
				COPY_PHASE_STRIP = NO;
				DEBUG_INFORMATION_FORMAT = dwarf;
				ENABLE_STRICT_OBJC_MSGSEND = YES;
				ENABLE_TESTABILITY = YES;
				GCC_C_LANGUAGE_STANDARD = gnu11;
				GCC_DYNAMIC_NO_PIC = NO;
				GCC_NO_COMMON_BLOCKS = YES;
				GCC_OPTIMIZATION_LEVEL = 0;
				GCC_PREPROCESSOR_DEFINITIONS = (
					"DEBUG=1",
					"$(inherited)",
				);
				GCC_WARN_64_TO_32_BIT_CONVERSION = YES;
				GCC_WARN_ABOUT_RETURN_TYPE = YES_ERROR;
				GCC_WARN_UNDECLARED_SELECTOR = YES;
				GCC_WARN_UNINITIALIZED_AUTOS = YES_AGGRESSIVE;
				GCC_WARN_UNUSED_FUNCTION = YES;
				GCC_WARN_UNUSED_VARIABLE = YES;
				IPHONEOS_DEPLOYMENT_TARGET = 15.4;
				MTL_ENABLE_DEBUG_INFO = INCLUDE_SOURCE;
				MTL_FAST_MATH = YES;
				ONLY_ACTIVE_ARCH = YES;
				SDKROOT = iphoneos;
				SWIFT_ACTIVE_COMPILATION_CONDITIONS = DEBUG;
				SWIFT_OPTIMIZATION_LEVEL = "-Onone";
			};
			name = Debug;
		};
		40E5763E294545A600EE942E /* Release */ = {
			isa = XCBuildConfiguration;
			buildSettings = {
				ALWAYS_SEARCH_USER_PATHS = NO;
				CLANG_ANALYZER_NONNULL = YES;
				CLANG_ANALYZER_NUMBER_OBJECT_CONVERSION = YES_AGGRESSIVE;
				CLANG_CXX_LANGUAGE_STANDARD = "gnu++17";
				CLANG_ENABLE_MODULES = YES;
				CLANG_ENABLE_OBJC_ARC = YES;
				CLANG_ENABLE_OBJC_WEAK = YES;
				CLANG_WARN_BLOCK_CAPTURE_AUTORELEASING = YES;
				CLANG_WARN_BOOL_CONVERSION = YES;
				CLANG_WARN_COMMA = YES;
				CLANG_WARN_CONSTANT_CONVERSION = YES;
				CLANG_WARN_DEPRECATED_OBJC_IMPLEMENTATIONS = YES;
				CLANG_WARN_DIRECT_OBJC_ISA_USAGE = YES_ERROR;
				CLANG_WARN_DOCUMENTATION_COMMENTS = YES;
				CLANG_WARN_EMPTY_BODY = YES;
				CLANG_WARN_ENUM_CONVERSION = YES;
				CLANG_WARN_INFINITE_RECURSION = YES;
				CLANG_WARN_INT_CONVERSION = YES;
				CLANG_WARN_NON_LITERAL_NULL_CONVERSION = YES;
				CLANG_WARN_OBJC_IMPLICIT_RETAIN_SELF = YES;
				CLANG_WARN_OBJC_LITERAL_CONVERSION = YES;
				CLANG_WARN_OBJC_ROOT_CLASS = YES_ERROR;
				CLANG_WARN_QUOTED_INCLUDE_IN_FRAMEWORK_HEADER = YES;
				CLANG_WARN_RANGE_LOOP_ANALYSIS = YES;
				CLANG_WARN_STRICT_PROTOTYPES = YES;
				CLANG_WARN_SUSPICIOUS_MOVE = YES;
				CLANG_WARN_UNGUARDED_AVAILABILITY = YES_AGGRESSIVE;
				CLANG_WARN_UNREACHABLE_CODE = YES;
				CLANG_WARN__DUPLICATE_METHOD_MATCH = YES;
				COPY_PHASE_STRIP = NO;
				DEBUG_INFORMATION_FORMAT = "dwarf-with-dsym";
				ENABLE_NS_ASSERTIONS = NO;
				ENABLE_STRICT_OBJC_MSGSEND = YES;
				GCC_C_LANGUAGE_STANDARD = gnu11;
				GCC_NO_COMMON_BLOCKS = YES;
				GCC_WARN_64_TO_32_BIT_CONVERSION = YES;
				GCC_WARN_ABOUT_RETURN_TYPE = YES_ERROR;
				GCC_WARN_UNDECLARED_SELECTOR = YES;
				GCC_WARN_UNINITIALIZED_AUTOS = YES_AGGRESSIVE;
				GCC_WARN_UNUSED_FUNCTION = YES;
				GCC_WARN_UNUSED_VARIABLE = YES;
				IPHONEOS_DEPLOYMENT_TARGET = 15.4;
				MTL_ENABLE_DEBUG_INFO = NO;
				MTL_FAST_MATH = YES;
				SDKROOT = iphoneos;
				SWIFT_COMPILATION_MODE = wholemodule;
				SWIFT_OPTIMIZATION_LEVEL = "-O";
				VALIDATE_PRODUCT = YES;
			};
			name = Release;
		};
		40E57640294545A600EE942E /* Debug */ = {
			isa = XCBuildConfiguration;
			baseConfigurationReference = 9379F3CAF186E96AB9F4CC07 /* Pods-GetStockPirce.debug.xcconfig */;
			buildSettings = {
				ASSETCATALOG_COMPILER_APPICON_NAME = AppIcon;
				ASSETCATALOG_COMPILER_GLOBAL_ACCENT_COLOR_NAME = AccentColor;
				CODE_SIGN_STYLE = Automatic;
				CURRENT_PROJECT_VERSION = 1;
				GENERATE_INFOPLIST_FILE = YES;
				INFOPLIST_FILE = GetStockPirce/Info.plist;
				INFOPLIST_KEY_UIApplicationSupportsIndirectInputEvents = YES;
				INFOPLIST_KEY_UILaunchStoryboardName = LaunchScreen;
				INFOPLIST_KEY_UIMainStoryboardFile = Main;
				INFOPLIST_KEY_UISupportedInterfaceOrientations_iPad = "UIInterfaceOrientationPortrait UIInterfaceOrientationPortraitUpsideDown UIInterfaceOrientationLandscapeLeft UIInterfaceOrientationLandscapeRight";
				INFOPLIST_KEY_UISupportedInterfaceOrientations_iPhone = "UIInterfaceOrientationPortrait UIInterfaceOrientationLandscapeLeft UIInterfaceOrientationLandscapeRight";
				LD_RUNPATH_SEARCH_PATHS = (
					"$(inherited)",
					"@executable_path/Frameworks",
				);
				MARKETING_VERSION = 1.0;
				PRODUCT_BUNDLE_IDENTIFIER = jw.GetStockPirce;
				PRODUCT_NAME = "$(TARGET_NAME)";
				SWIFT_EMIT_LOC_STRINGS = YES;
				SWIFT_VERSION = 5.0;
				TARGETED_DEVICE_FAMILY = "1,2";
			};
			name = Debug;
		};
		40E57641294545A600EE942E /* Release */ = {
			isa = XCBuildConfiguration;
			baseConfigurationReference = C49A937FF25B487F132B0E28 /* Pods-GetStockPirce.release.xcconfig */;
			buildSettings = {
				ASSETCATALOG_COMPILER_APPICON_NAME = AppIcon;
				ASSETCATALOG_COMPILER_GLOBAL_ACCENT_COLOR_NAME = AccentColor;
				CODE_SIGN_STYLE = Automatic;
				CURRENT_PROJECT_VERSION = 1;
				GENERATE_INFOPLIST_FILE = YES;
				INFOPLIST_FILE = GetStockPirce/Info.plist;
				INFOPLIST_KEY_UIApplicationSupportsIndirectInputEvents = YES;
				INFOPLIST_KEY_UILaunchStoryboardName = LaunchScreen;
				INFOPLIST_KEY_UIMainStoryboardFile = Main;
				INFOPLIST_KEY_UISupportedInterfaceOrientations_iPad = "UIInterfaceOrientationPortrait UIInterfaceOrientationPortraitUpsideDown UIInterfaceOrientationLandscapeLeft UIInterfaceOrientationLandscapeRight";
				INFOPLIST_KEY_UISupportedInterfaceOrientations_iPhone = "UIInterfaceOrientationPortrait UIInterfaceOrientationLandscapeLeft UIInterfaceOrientationLandscapeRight";
				LD_RUNPATH_SEARCH_PATHS = (
					"$(inherited)",
					"@executable_path/Frameworks",
				);
				MARKETING_VERSION = 1.0;
				PRODUCT_BUNDLE_IDENTIFIER = jw.GetStockPirce;
				PRODUCT_NAME = "$(TARGET_NAME)";
				SWIFT_EMIT_LOC_STRINGS = YES;
				SWIFT_VERSION = 5.0;
				TARGETED_DEVICE_FAMILY = "1,2";
			};
			name = Release;
		};
/* End XCBuildConfiguration section */

/* Begin XCConfigurationList section */
		40E57626294545A400EE942E /* Build configuration list for PBXProject "GetStockPirce" */ = {
			isa = XCConfigurationList;
			buildConfigurations = (
				40E5763D294545A600EE942E /* Debug */,
				40E5763E294545A600EE942E /* Release */,
			);
			defaultConfigurationIsVisible = 0;
			defaultConfigurationName = Release;
		};
		40E5763F294545A600EE942E /* Build configuration list for PBXNativeTarget "GetStockPirce" */ = {
			isa = XCConfigurationList;
			buildConfigurations = (
				40E57640294545A600EE942E /* Debug */,
				40E57641294545A600EE942E /* Release */,
			);
			defaultConfigurationIsVisible = 0;
			defaultConfigurationName = Release;
		};
/* End XCConfigurationList section */
	};
	rootObject = 40E57623294545A400EE942E /* Project object */;
}
